
Microsoft Visual Studio Solution File, Format Version 12.00
# Visual Studio Version 16
VisualStudioVersion = 16.0.30907.101
MinimumVisualStudioVersion = 10.0.40219.1
Project("{9A19103F-16F7-4668-BE54-9A1E7A4F7556}") = "CheddarMod", "CheddarMod.csproj", "{2CD34AED-A1C1-4901-9678-A98E31755175}"
EndProject
Global
	GlobalSection(SolutionConfigurationPlatforms) = preSolution
		Debug|Any CPU = Debug|Any CPU
		Release|Any CPU = Release|Any CPU
	EndGlobalSection
	GlobalSection(ProjectConfigurationPlatforms) = postSolution
		{2CD34AED-A1C1-4901-9678-A98E31755175}.Debug|Any CPU.ActiveCfg = Debug|Any CPU
		{2CD34AED-A1C1-4901-9678-A98E31755175}.Debug|Any CPU.Build.0 = Debug|Any CPU
		{2CD34AED-A1C1-4901-9678-A98E31755175}.Release|Any CPU.ActiveCfg = Release|Any CPU
		{2CD34AED-A1C1-4901-9678-A98E31755175}.Release|Any CPU.Build.0 = Release|Any CPU
	EndGlobalSection
	GlobalSection(SolutionProperties) = preSolution
		HideSolutionNode = FALSE
	EndGlobalSection
	GlobalSection(ExtensibilityGlobals) = postSolution
		SolutionGuid = {F26DFC4A-CE8B-4BF8-9A42-2E8F43D12E0A}
	EndGlobalSection
EndGlobal
